
Microsoft Visual Studio Solution File, Format Version 12.00
# Visual Studio Version 17
VisualStudioVersion = 17.13.36105.23 d17.13
MinimumVisualStudioVersion = 10.0.40219.1
Project("{FAE04EC0-301F-11D3-BF4B-00C04F79EFBC}") = "EcommerceProject", "EcommerceProject.csproj", "{314152B5-3E8E-06D0-305B-11A6F37826C2}"
EndProject
Global
	GlobalSection(SolutionConfigurationPlatforms) = preSolution
		Debug|Any CPU = Debug|Any CPU
		Release|Any CPU = Release|Any CPU
	EndGlobalSection
	GlobalSection(ProjectConfigurationPlatforms) = postSolution
		{314152B5-3E8E-06D0-305B-11A6F37826C2}.Debug|Any CPU.ActiveCfg = Debug|Any CPU
		{314152B5-3E8E-06D0-305B-11A6F37826C2}.Debug|Any CPU.Build.0 = Debug|Any CPU
		{314152B5-3E8E-06D0-305B-11A6F37826C2}.Release|Any CPU.ActiveCfg = Release|Any CPU
		{314152B5-3E8E-06D0-305B-11A6F37826C2}.Release|Any CPU.Build.0 = Release|Any CPU
	EndGlobalSection
	GlobalSection(SolutionProperties) = preSolution
		HideSolutionNode = FALSE
	EndGlobalSection
	GlobalSection(ExtensibilityGlobals) = postSolution
		SolutionGuid = {801E3C71-4026-454E-A229-CB182CF1D908}
	EndGlobalSection
EndGlobal
